
Microsoft Visual Studio Solution File, Format Version 12.00
# Visual Studio Version 17
VisualStudioVersion = 17.5.33516.290
MinimumVisualStudioVersion = 10.0.40219.1
Project("{FAE04EC0-301F-11D3-BF4B-00C04F79EFBC}") = "GMLink", "GMLink\GMLink.csproj", "{63A7C450-E8A8-4122-A2CB-F7062FCB93FF}"
EndProject
Global
	GlobalSection(SolutionConfigurationPlatforms) = preSolution
		Debug|Any CPU = Debug|Any CPU
		Release|Any CPU = Release|Any CPU
	EndGlobalSection
	GlobalSection(ProjectConfigurationPlatforms) = postSolution
		{63A7C450-E8A8-4122-A2CB-F7062FCB93FF}.Debug|Any CPU.ActiveCfg = Debug|Any CPU
		{63A7C450-E8A8-4122-A2CB-F7062FCB93FF}.Debug|Any CPU.Build.0 = Debug|Any CPU
		{63A7C450-E8A8-4122-A2CB-F7062FCB93FF}.Release|Any CPU.ActiveCfg = Release|Any CPU
		{63A7C450-E8A8-4122-A2CB-F7062FCB93FF}.Release|Any CPU.Build.0 = Release|Any CPU
	EndGlobalSection
	GlobalSection(SolutionProperties) = preSolution
		HideSolutionNode = FALSE
	EndGlobalSection
	GlobalSection(ExtensibilityGlobals) = postSolution
		SolutionGuid = {7C722866-B056-4944-896C-8823B8B174DF}
	EndGlobalSection
EndGlobal
